
Microsoft Visual Studio Solution File, Format Version 12.00
# Visual Studio Version 18
VisualStudioVersion = 18.0.11205.157
MinimumVisualStudioVersion = 10.0.40219.1
Project("{2150E333-8FDC-42A3-9474-1A3956D46DE8}") = "src", "src", "{610AEA3B-AE8B-4A6B-949E-93E663FD4F85}"
EndProject
Project("{2150E333-8FDC-42A3-9474-1A3956D46DE8}") = "Solution Items", "Solution Items", "{A492CED6-7E1F-4E2A-A255-0A615EEBA33E}"
	ProjectSection(SolutionItems) = preProject
		.editorconfig = .editorconfig
		Directory.Build.props = Directory.Build.props
	EndProjectSection
EndProject
Project("{2150E333-8FDC-42A3-9474-1A3956D46DE8}") = "Services", "Services", "{7CBE294C-9684-47C4-B0C8-700251B44558}"
EndProject
Project("{2150E333-8FDC-42A3-9474-1A3956D46DE8}") = "BuildingBlocks", "BuildingBlocks", "{7602CD85-CFCF-42B4-9159-F9ADA20A09C9}"
EndProject
Project("{FAE04EC0-301F-11D3-BF4B-00C04F79EFBC}") = "BuildingBlocks", "src\BuildingBlocks\BuildingBlocks\BuildingBlocks.csproj", "{1BE19597-1B8D-42EE-8781-27030655B227}"
EndProject
Project("{2150E333-8FDC-42A3-9474-1A3956D46DE8}") = "AutoCatalog", "AutoCatalog", "{9E432FB8-6483-40B0-B6A1-5073939A8429}"
EndProject
Project("{FAE04EC0-301F-11D3-BF4B-00C04F79EFBC}") = "AutoCatalog.Web", "src\Services\AutoCatalog\AutoCatalog.Web\AutoCatalog.Web.csproj", "{1BAFDAC8-1986-4CF8-AC8D-58DA1F30F555}"
EndProject
Project("{FAE04EC0-301F-11D3-BF4B-00C04F79EFBC}") = "AutoCatalog.Domain", "src\Services\AutoCatalog\AutoCatalog.Domain\AutoCatalog.Domain.csproj", "{DF0AA06B-5153-483B-9E5D-97C7C1461508}"
EndProject
Project("{FAE04EC0-301F-11D3-BF4B-00C04F79EFBC}") = "AutoCatalog.Infrastructure", "src\Services\AutoCatalog\AutoCatalog.Infrastructure\AutoCatalog.Infrastructure.csproj", "{458A8CEC-C045-4718-ADC1-50C59ED83E48}"
EndProject
Project("{FAE04EC0-301F-11D3-BF4B-00C04F79EFBC}") = "AutoCatalog.Application", "src\Services\AutoCatalog\AutoCatalog.Application\AutoCatalog.Application.csproj", "{D5AE685B-0067-4AF5-8374-47AAFB02D05B}"
EndProject
Project("{E53339B2-1760-4266-BCC7-CA923CBCF16C}") = "docker-compose", "docker-compose.dcproj", "{81DDED9D-158B-E303-5F62-77A2896D2A5A}"
EndProject
Project("{2150E333-8FDC-42A3-9474-1A3956D46DE8}") = "AdService", "AdService", "{533F55D5-A22F-434A-92BD-D4C7A45EE923}"
EndProject
Project("{FAE04EC0-301F-11D3-BF4B-00C04F79EFBC}") = "AdService.Web", "src\Services\AdService\AdService.Web\AdService.Web.csproj", "{38581EE0-7250-438E-966D-4E5339F20806}"
EndProject
Project("{FAE04EC0-301F-11D3-BF4B-00C04F79EFBC}") = "AdService.Domain", "src\Services\AdService\AdService.Domain\AdService.Domain.csproj", "{88DD73E1-A3BB-4EB7-B80E-ABDF93B102B1}"
EndProject
Project("{FAE04EC0-301F-11D3-BF4B-00C04F79EFBC}") = "AdService.Presenters", "src\Services\AdService\AdService.Presenters\AdService.Presenters.csproj", "{6513AB8A-6405-4B1C-9C12-9D0330F6DAFA}"
EndProject
Project("{FAE04EC0-301F-11D3-BF4B-00C04F79EFBC}") = "AdService.Application", "src\Services\AdService\AdService.Application\AdService.Application.csproj", "{7983ECE4-832B-4208-931A-4A1D4779C849}"
EndProject
Project("{FAE04EC0-301F-11D3-BF4B-00C04F79EFBC}") = "AdService.Tests", "src\Services\AdService\AdService.Tests\AdService.Tests.csproj", "{1F677F8B-A272-4050-B626-0EB5905CB202}"
EndProject
Project("{2150E333-8FDC-42A3-9474-1A3956D46DE8}") = "FileManagement", "FileManagement", "{02EA681E-C7D8-13C7-8484-4AC65E1B71E8}"
EndProject
Project("{FAE04EC0-301F-11D3-BF4B-00C04F79EFBC}") = "FileManagement.Grpc", "Src\Services\FileManagement\FileManagement.Grpc\FileManagement.Grpc.csproj", "{2BA7AF95-B01C-42F3-BD1D-C7B26CB5349F}"
EndProject
Project("{FAE04EC0-301F-11D3-BF4B-00C04F79EFBC}") = "AdService.Infrastructure.Postgres", "src\Services\AdService\AdService.Infrastructure.Postgres\AdService.Infrastructure.Postgres.csproj", "{E8518F1B-7FB7-43FB-8E60-ABD452AC9092}"
EndProject
Project("{FAE04EC0-301F-11D3-BF4B-00C04F79EFBC}") = "AdService.Infrastructure.FileStorage", "src\Services\AdService\AdService.Infrastructure.FileStorage\AdService.Infrastructure.FileStorage.csproj", "{AE08E355-FE6B-43AB-A968-A041DFCE8DF3}"
EndProject
Project("{FAE04EC0-301F-11D3-BF4B-00C04F79EFBC}") = "AdService.Contracts", "src\Services\AdService\AdService.Contracts\AdService.Contracts.csproj", "{0B0F5589-A20E-42F1-900F-61F9C89EAD72}"
EndProject
Project("{2150E333-8FDC-42A3-9474-1A3956D46DE8}") = "ProfileService", "ProfileService", "{8F5D31BF-E457-46DD-B42B-8ACFA65931F5}"
EndProject
Project("{FAE04EC0-301F-11D3-BF4B-00C04F79EFBC}") = "ProfileService.Web", "src\Services\ProfileService\ProfileService.Web\ProfileService.Web.csproj", "{F46CA9CA-A872-4ED3-A695-C50B459CF8D9}"
EndProject
Project("{FAE04EC0-301F-11D3-BF4B-00C04F79EFBC}") = "ProfileService.Domain", "src\Services\ProfileService\ProfileService.Domain\ProfileService.Domain.csproj", "{6D0ACD53-4DDF-4304-B6FF-195015734E3B}"
EndProject
Project("{FAE04EC0-301F-11D3-BF4B-00C04F79EFBC}") = "ProfileService.Infrastructure", "src\Services\ProfileService\ProfileService.Infrastructure\ProfileService.Infrastructure.csproj", "{F00E964F-04D4-4286-985D-A60FCDF89BE1}"
EndProject
Project("{FAE04EC0-301F-11D3-BF4B-00C04F79EFBC}") = "ProfileService.Application", "src\Services\ProfileService\ProfileService.Application\ProfileService.Application.csproj", "{9B6B3AB1-D9CC-4261-A4D3-04A5F7F6BB53}"
EndProject
Global
	GlobalSection(SolutionConfigurationPlatforms) = preSolution
		Debug|Any CPU = Debug|Any CPU
		Release|Any CPU = Release|Any CPU
	EndGlobalSection
	GlobalSection(ProjectConfigurationPlatforms) = postSolution
		{1BE19597-1B8D-42EE-8781-27030655B227}.Debug|Any CPU.ActiveCfg = Debug|Any CPU
		{1BE19597-1B8D-42EE-8781-27030655B227}.Debug|Any CPU.Build.0 = Debug|Any CPU
		{1BE19597-1B8D-42EE-8781-27030655B227}.Release|Any CPU.ActiveCfg = Release|Any CPU
		{1BE19597-1B8D-42EE-8781-27030655B227}.Release|Any CPU.Build.0 = Release|Any CPU
		{1BAFDAC8-1986-4CF8-AC8D-58DA1F30F555}.Debug|Any CPU.ActiveCfg = Debug|Any CPU
		{1BAFDAC8-1986-4CF8-AC8D-58DA1F30F555}.Debug|Any CPU.Build.0 = Debug|Any CPU
		{1BAFDAC8-1986-4CF8-AC8D-58DA1F30F555}.Release|Any CPU.ActiveCfg = Release|Any CPU
		{1BAFDAC8-1986-4CF8-AC8D-58DA1F30F555}.Release|Any CPU.Build.0 = Release|Any CPU
		{DF0AA06B-5153-483B-9E5D-97C7C1461508}.Debug|Any CPU.ActiveCfg = Debug|Any CPU
		{DF0AA06B-5153-483B-9E5D-97C7C1461508}.Debug|Any CPU.Build.0 = Debug|Any CPU
		{DF0AA06B-5153-483B-9E5D-97C7C1461508}.Release|Any CPU.ActiveCfg = Release|Any CPU
		{DF0AA06B-5153-483B-9E5D-97C7C1461508}.Release|Any CPU.Build.0 = Release|Any CPU
		{458A8CEC-C045-4718-ADC1-50C59ED83E48}.Debug|Any CPU.ActiveCfg = Debug|Any CPU
		{458A8CEC-C045-4718-ADC1-50C59ED83E48}.Debug|Any CPU.Build.0 = Debug|Any CPU
		{458A8CEC-C045-4718-ADC1-50C59ED83E48}.Release|Any CPU.ActiveCfg = Release|Any CPU
		{458A8CEC-C045-4718-ADC1-50C59ED83E48}.Release|Any CPU.Build.0 = Release|Any CPU
		{D5AE685B-0067-4AF5-8374-47AAFB02D05B}.Debug|Any CPU.ActiveCfg = Debug|Any CPU
		{D5AE685B-0067-4AF5-8374-47AAFB02D05B}.Debug|Any CPU.Build.0 = Debug|Any CPU
		{D5AE685B-0067-4AF5-8374-47AAFB02D05B}.Release|Any CPU.ActiveCfg = Release|Any CPU
		{D5AE685B-0067-4AF5-8374-47AAFB02D05B}.Release|Any CPU.Build.0 = Release|Any CPU
		{81DDED9D-158B-E303-5F62-77A2896D2A5A}.Debug|Any CPU.ActiveCfg = Debug|Any CPU
		{81DDED9D-158B-E303-5F62-77A2896D2A5A}.Debug|Any CPU.Build.0 = Debug|Any CPU
		{81DDED9D-158B-E303-5F62-77A2896D2A5A}.Release|Any CPU.ActiveCfg = Release|Any CPU
		{81DDED9D-158B-E303-5F62-77A2896D2A5A}.Release|Any CPU.Build.0 = Release|Any CPU
		{38581EE0-7250-438E-966D-4E5339F20806}.Debug|Any CPU.ActiveCfg = Debug|Any CPU
		{38581EE0-7250-438E-966D-4E5339F20806}.Debug|Any CPU.Build.0 = Debug|Any CPU
		{38581EE0-7250-438E-966D-4E5339F20806}.Release|Any CPU.ActiveCfg = Release|Any CPU
		{38581EE0-7250-438E-966D-4E5339F20806}.Release|Any CPU.Build.0 = Release|Any CPU
		{88DD73E1-A3BB-4EB7-B80E-ABDF93B102B1}.Debug|Any CPU.ActiveCfg = Debug|Any CPU
		{88DD73E1-A3BB-4EB7-B80E-ABDF93B102B1}.Debug|Any CPU.Build.0 = Debug|Any CPU
		{88DD73E1-A3BB-4EB7-B80E-ABDF93B102B1}.Release|Any CPU.ActiveCfg = Release|Any CPU
		{88DD73E1-A3BB-4EB7-B80E-ABDF93B102B1}.Release|Any CPU.Build.0 = Release|Any CPU
		{6513AB8A-6405-4B1C-9C12-9D0330F6DAFA}.Debug|Any CPU.ActiveCfg = Debug|Any CPU
		{6513AB8A-6405-4B1C-9C12-9D0330F6DAFA}.Debug|Any CPU.Build.0 = Debug|Any CPU
		{6513AB8A-6405-4B1C-9C12-9D0330F6DAFA}.Release|Any CPU.ActiveCfg = Release|Any CPU
		{6513AB8A-6405-4B1C-9C12-9D0330F6DAFA}.Release|Any CPU.Build.0 = Release|Any CPU
		{7983ECE4-832B-4208-931A-4A1D4779C849}.Debug|Any CPU.ActiveCfg = Debug|Any CPU
		{7983ECE4-832B-4208-931A-4A1D4779C849}.Debug|Any CPU.Build.0 = Debug|Any CPU
		{7983ECE4-832B-4208-931A-4A1D4779C849}.Release|Any CPU.ActiveCfg = Release|Any CPU
		{7983ECE4-832B-4208-931A-4A1D4779C849}.Release|Any CPU.Build.0 = Release|Any CPU
		{1F677F8B-A272-4050-B626-0EB5905CB202}.Debug|Any CPU.ActiveCfg = Debug|Any CPU
		{1F677F8B-A272-4050-B626-0EB5905CB202}.Debug|Any CPU.Build.0 = Debug|Any CPU
		{1F677F8B-A272-4050-B626-0EB5905CB202}.Release|Any CPU.ActiveCfg = Release|Any CPU
		{1F677F8B-A272-4050-B626-0EB5905CB202}.Release|Any CPU.Build.0 = Release|Any CPU
		{2BA7AF95-B01C-42F3-BD1D-C7B26CB5349F}.Debug|Any CPU.ActiveCfg = Debug|Any CPU
		{2BA7AF95-B01C-42F3-BD1D-C7B26CB5349F}.Debug|Any CPU.Build.0 = Debug|Any CPU
		{2BA7AF95-B01C-42F3-BD1D-C7B26CB5349F}.Release|Any CPU.ActiveCfg = Release|Any CPU
		{2BA7AF95-B01C-42F3-BD1D-C7B26CB5349F}.Release|Any CPU.Build.0 = Release|Any CPU
		{E8518F1B-7FB7-43FB-8E60-ABD452AC9092}.Debug|Any CPU.ActiveCfg = Debug|Any CPU
		{E8518F1B-7FB7-43FB-8E60-ABD452AC9092}.Debug|Any CPU.Build.0 = Debug|Any CPU
		{E8518F1B-7FB7-43FB-8E60-ABD452AC9092}.Release|Any CPU.ActiveCfg = Release|Any CPU
		{E8518F1B-7FB7-43FB-8E60-ABD452AC9092}.Release|Any CPU.Build.0 = Release|Any CPU
		{AE08E355-FE6B-43AB-A968-A041DFCE8DF3}.Debug|Any CPU.ActiveCfg = Debug|Any CPU
		{AE08E355-FE6B-43AB-A968-A041DFCE8DF3}.Debug|Any CPU.Build.0 = Debug|Any CPU
		{AE08E355-FE6B-43AB-A968-A041DFCE8DF3}.Release|Any CPU.ActiveCfg = Release|Any CPU
		{AE08E355-FE6B-43AB-A968-A041DFCE8DF3}.Release|Any CPU.Build.0 = Release|Any CPU
		{0B0F5589-A20E-42F1-900F-61F9C89EAD72}.Debug|Any CPU.ActiveCfg = Debug|Any CPU
		{0B0F5589-A20E-42F1-900F-61F9C89EAD72}.Debug|Any CPU.Build.0 = Debug|Any CPU
		{0B0F5589-A20E-42F1-900F-61F9C89EAD72}.Release|Any CPU.ActiveCfg = Release|Any CPU
		{0B0F5589-A20E-42F1-900F-61F9C89EAD72}.Release|Any CPU.Build.0 = Release|Any CPU
		{F46CA9CA-A872-4ED3-A695-C50B459CF8D9}.Debug|Any CPU.ActiveCfg = Debug|Any CPU
		{F46CA9CA-A872-4ED3-A695-C50B459CF8D9}.Debug|Any CPU.Build.0 = Debug|Any CPU
		{F46CA9CA-A872-4ED3-A695-C50B459CF8D9}.Release|Any CPU.ActiveCfg = Release|Any CPU
		{F46CA9CA-A872-4ED3-A695-C50B459CF8D9}.Release|Any CPU.Build.0 = Release|Any CPU
		{6D0ACD53-4DDF-4304-B6FF-195015734E3B}.Debug|Any CPU.ActiveCfg = Debug|Any CPU
		{6D0ACD53-4DDF-4304-B6FF-195015734E3B}.Debug|Any CPU.Build.0 = Debug|Any CPU
		{6D0ACD53-4DDF-4304-B6FF-195015734E3B}.Release|Any CPU.ActiveCfg = Release|Any CPU
		{6D0ACD53-4DDF-4304-B6FF-195015734E3B}.Release|Any CPU.Build.0 = Release|Any CPU
		{F00E964F-04D4-4286-985D-A60FCDF89BE1}.Debug|Any CPU.ActiveCfg = Debug|Any CPU
		{F00E964F-04D4-4286-985D-A60FCDF89BE1}.Debug|Any CPU.Build.0 = Debug|Any CPU
		{F00E964F-04D4-4286-985D-A60FCDF89BE1}.Release|Any CPU.ActiveCfg = Release|Any CPU
		{F00E964F-04D4-4286-985D-A60FCDF89BE1}.Release|Any CPU.Build.0 = Release|Any CPU
		{9B6B3AB1-D9CC-4261-A4D3-04A5F7F6BB53}.Debug|Any CPU.ActiveCfg = Debug|Any CPU
		{9B6B3AB1-D9CC-4261-A4D3-04A5F7F6BB53}.Debug|Any CPU.Build.0 = Debug|Any CPU
		{9B6B3AB1-D9CC-4261-A4D3-04A5F7F6BB53}.Release|Any CPU.ActiveCfg = Release|Any CPU
		{9B6B3AB1-D9CC-4261-A4D3-04A5F7F6BB53}.Release|Any CPU.Build.0 = Release|Any CPU
	EndGlobalSection
	GlobalSection(SolutionProperties) = preSolution
		HideSolutionNode = FALSE
	EndGlobalSection
	GlobalSection(NestedProjects) = preSolution
		{7CBE294C-9684-47C4-B0C8-700251B44558} = {610AEA3B-AE8B-4A6B-949E-93E663FD4F85}
		{7602CD85-CFCF-42B4-9159-F9ADA20A09C9} = {610AEA3B-AE8B-4A6B-949E-93E663FD4F85}
		{1BE19597-1B8D-42EE-8781-27030655B227} = {7602CD85-CFCF-42B4-9159-F9ADA20A09C9}
		{9E432FB8-6483-40B0-B6A1-5073939A8429} = {7CBE294C-9684-47C4-B0C8-700251B44558}
		{1BAFDAC8-1986-4CF8-AC8D-58DA1F30F555} = {9E432FB8-6483-40B0-B6A1-5073939A8429}
		{DF0AA06B-5153-483B-9E5D-97C7C1461508} = {9E432FB8-6483-40B0-B6A1-5073939A8429}
		{458A8CEC-C045-4718-ADC1-50C59ED83E48} = {9E432FB8-6483-40B0-B6A1-5073939A8429}
		{D5AE685B-0067-4AF5-8374-47AAFB02D05B} = {9E432FB8-6483-40B0-B6A1-5073939A8429}
		{533F55D5-A22F-434A-92BD-D4C7A45EE923} = {7CBE294C-9684-47C4-B0C8-700251B44558}
		{38581EE0-7250-438E-966D-4E5339F20806} = {533F55D5-A22F-434A-92BD-D4C7A45EE923}
		{88DD73E1-A3BB-4EB7-B80E-ABDF93B102B1} = {533F55D5-A22F-434A-92BD-D4C7A45EE923}
		{6513AB8A-6405-4B1C-9C12-9D0330F6DAFA} = {533F55D5-A22F-434A-92BD-D4C7A45EE923}
		{7983ECE4-832B-4208-931A-4A1D4779C849} = {533F55D5-A22F-434A-92BD-D4C7A45EE923}
		{1F677F8B-A272-4050-B626-0EB5905CB202} = {533F55D5-A22F-434A-92BD-D4C7A45EE923}
		{02EA681E-C7D8-13C7-8484-4AC65E1B71E8} = {7CBE294C-9684-47C4-B0C8-700251B44558}
		{2BA7AF95-B01C-42F3-BD1D-C7B26CB5349F} = {02EA681E-C7D8-13C7-8484-4AC65E1B71E8}
		{E8518F1B-7FB7-43FB-8E60-ABD452AC9092} = {533F55D5-A22F-434A-92BD-D4C7A45EE923}
		{AE08E355-FE6B-43AB-A968-A041DFCE8DF3} = {533F55D5-A22F-434A-92BD-D4C7A45EE923}
		{0B0F5589-A20E-42F1-900F-61F9C89EAD72} = {533F55D5-A22F-434A-92BD-D4C7A45EE923}
		{8F5D31BF-E457-46DD-B42B-8ACFA65931F5} = {7CBE294C-9684-47C4-B0C8-700251B44558}
		{F46CA9CA-A872-4ED3-A695-C50B459CF8D9} = {8F5D31BF-E457-46DD-B42B-8ACFA65931F5}
		{6D0ACD53-4DDF-4304-B6FF-195015734E3B} = {8F5D31BF-E457-46DD-B42B-8ACFA65931F5}
		{F00E964F-04D4-4286-985D-A60FCDF89BE1} = {8F5D31BF-E457-46DD-B42B-8ACFA65931F5}
		{9B6B3AB1-D9CC-4261-A4D3-04A5F7F6BB53} = {8F5D31BF-E457-46DD-B42B-8ACFA65931F5}
	EndGlobalSection
	GlobalSection(ExtensibilityGlobals) = postSolution
		SolutionGuid = {8872AD1A-914B-4D1D-BA6F-22C02F4D87F8}
	EndGlobalSection
EndGlobal
